// !$*UTF8*$!
{
	archiveVersion = 1;
	classes = {
	};
	objectVersion = 46;
	objects = {

/* Begin PBXGroup section */
		1FBCE04513909CCC002347A0 = {
			isa = PBXGroup;
			children = (
			);
			sourceTree = "<group>";
		};
/* End PBXGroup section */

/* Begin PBXProject section */
		1FBCE04713909CCC002347A0 /* Project object */ = {
			isa = PBXProject;
			attributes = {
				ORGANIZATIONNAME = UNC;
			};
			buildConfigurationList = 1FBCE04A13909CCC002347A0 /* Build configuration list for PBXProject "ruby-genomics" */;
			compatibilityVersion = "Xcode 3.2";
			developmentRegion = English;
			hasScannedForEncodings = 0;
			knownRegions = (
				en,
			);
			mainGroup = 1FBCE04513909CCC002347A0;
			projectDirPath = "";
			projectRoot = "";
			targets = (
			);
		};
/* End PBXProject section */

/* Begin XCBuildConfiguration section */
		1FBCE04C13909CCC002347A0 /* Debug */ = {
			isa = XCBuildConfiguration;
			buildSettings = {
			};
			name = Debug;
		};
		1FBCE04D13909CCC002347A0 /* Release */ = {
			isa = XCBuildConfiguration;
			buildSettings = {
			};
			name = Release;
		};
/* End XCBuildConfiguration section */

/* Begin XCConfigurationList section */
		1FBCE04A13909CCC002347A0 /* Build configuration list for PBXProject "ruby-genomics" */ = {
			isa = XCConfigurationList;
			buildConfigurations = (
				1FBCE04C13909CCC002347A0 /* Debug */,
				1FBCE04D13909CCC002347A0 /* Release */,
			);
			defaultConfigurationIsVisible = 0;
			defaultConfigurationName = Release;
		};
/* End XCConfigurationList section */
	};
	rootObject = 1FBCE04713909CCC002347A0 /* Project object */;
}
